schema = 1

[packs]
[packs."https://github.com/gastownhall/gascity-packs/tree/main/gastown"]
version = "sha:33d3a430a67d1782ad364556cb566bdb01d0afe3"
commit = "33d3a430a67d1782ad364556cb566bdb01d0afe3"

[packs."https://github.com/gastownhall/gascity.git//internal/bootstrap/packs/core"]
version = "sha:abcf2b6393a1e52378656570028ac6deb3d2f10f"
commit = "abcf2b6393a1e52378656570028ac6deb3d2f10f"

[packs."https://github.com/gastownhall/gascity.git//examples/bd"]
version = "sha:abcf2b6393a1e52378656570028ac6deb3d2f10f"
commit = "abcf2b6393a1e52378656570028ac6deb3d2f10f"
