schema = 1

[packs]
[packs."https://github.com/gastownhall/gascity.git//internal/bootstrap/packs/core"]
version = "sha:abcf2b6393a1e52378656570028ac6deb3d2f10f"
commit = "abcf2b6393a1e52378656570028ac6deb3d2f10f"

[packs."https://github.com/gastownhall/gascity.git//examples/bd"]
version = "sha:abcf2b6393a1e52378656570028ac6deb3d2f10f"
commit = "abcf2b6393a1e52378656570028ac6deb3d2f10f"
